{
  "nodes": {
    "crane": {
      "locked": {
        "lastModified": 1758686891,
        "narHash": "sha256-Lq8JkwjSzv80T1i8KCvqAch75zwD98UKA+4atZjvfZ0=",
        "owner": "ipetkov",
        "repo": "crane",
        "rev": "02063302383f43237602f5aea5a67766b08e4787",
        "type": "github"
      },
      "original": {
        "owner": "ipetkov",
        "repo": "crane",
        "type": "github"
      }
    },
    "crane_2": {
      "locked": {
        "lastModified": 1772560058,
        "narHash": "sha256-NuVKdMBJldwUXgghYpzIWJdfeB7ccsu1CC7B+NfSoZ8=",
        "owner": "ipetkov",
        "repo": "crane",
        "rev": "db590d9286ed5ce22017541e36132eab4e8b3045",
        "type": "github"
      },
      "original": {
        "owner": "ipetkov",
        "repo": "crane",
        "type": "github"
      }
    },
    "flake-parts": {
      "inputs": {
        "nixpkgs-lib": "nixpkgs-lib"
      },
      "locked": {
        "lastModified": 1763759067,
        "narHash": "sha256-LlLt2Jo/gMNYAwOgdRQBrsRoOz7BPRkzvNaI/fzXi2Q=",
        "owner": "hercules-ci",
        "repo": "flake-parts",
        "rev": "2cccadc7357c0ba201788ae99c4dfa90728ef5e0",
        "type": "github"
      },
      "original": {
        "owner": "hercules-ci",
        "repo": "flake-parts",
        "type": "github"
      }
    },
    "flake-utils": {
      "inputs": {
        "systems": "systems"
      },
      "locked": {
        "lastModified": 1731533236,
        "narHash": "sha256-l0KFg5HjrsfsO/JpG+r7fRrqm12kzFHyUHqHCVpMMbI=",
        "owner": "numtide",
        "repo": "flake-utils",
        "rev": "11707dc2f618dd54ca8739b309ec4fc024de578b",
        "type": "github"
      },
      "original": {
        "owner": "numtide",
        "repo": "flake-utils",
        "type": "github"
      }
    },
    "george-flakes": {
      "inputs": {
        "crane": "crane_2",
        "flake-parts": "flake-parts",
        "nixpkgs": [
          "nixpkgs"
        ],
        "vericert": "vericert"
      },
      "locked": {
        "lastModified": 1784600828,
        "narHash": "sha256-/K4SzvMiCRF97NmanNHerVxIKM1IGmz7ODvlBWvg/Ek=",
        "owner": "George-Miao",
        "repo": "flakes",
        "rev": "451f9988c88f365b543c5e3fbb6a9cb3abb2c966",
        "type": "github"
      },
      "original": {
        "owner": "George-Miao",
        "repo": "flakes",
        "type": "github"
      }
    },
    "nixpkgs": {
      "locked": {
        "lastModified": 1682591986,
        "narHash": "sha256-BU5dJ9MmZYsGr1Dnf8p5VV8cSbMKuNiqw4A14/V8pjo=",
        "owner": "nixos",
        "repo": "nixpkgs",
        "rev": "1c8257a313a5eb4d5f86edc2d325a23ff8085b94",
        "type": "github"
      },
      "original": {
        "owner": "nixos",
        "repo": "nixpkgs",
        "rev": "1c8257a313a5eb4d5f86edc2d325a23ff8085b94",
        "type": "github"
      }
    },
    "nixpkgs-lib": {
      "locked": {
        "lastModified": 1761765539,
        "narHash": "sha256-b0yj6kfvO8ApcSE+QmA6mUfu8IYG6/uU28OFn4PaC8M=",
        "owner": "nix-community",
        "repo": "nixpkgs.lib",
        "rev": "719359f4562934ae99f5443f20aa06c2ffff91fc",
        "type": "github"
      },
      "original": {
        "owner": "nix-community",
        "repo": "nixpkgs.lib",
        "type": "github"
      }
    },
    "nixpkgs_2": {
      "locked": {
        "lastModified": 1758427187,
        "narHash": "sha256-pHpxZ/IyCwoTQPtFIAG2QaxuSm8jWzrzBGjwQZIttJc=",
        "owner": "NixOS",
        "repo": "nixpkgs",
        "rev": "554be6495561ff07b6c724047bdd7e0716aa7b46",
        "type": "github"
      },
      "original": {
        "owner": "NixOS",
        "ref": "nixos-unstable",
        "repo": "nixpkgs",
        "type": "github"
      }
    },
    "root": {
      "inputs": {
        "crane": "crane",
        "flake-utils": "flake-utils",
        "george-flakes": "george-flakes",
        "nixpkgs": "nixpkgs_2",
        "rust-overlay": "rust-overlay"
      }
    },
    "rust-overlay": {
      "inputs": {
        "nixpkgs": [
          "nixpkgs"
        ]
      },
      "locked": {
        "lastModified": 1758681214,
        "narHash": "sha256-8cW731vev6kfr58cILO2ZsjHwaPhm88dQ8Q6nTSjP9I=",
        "owner": "oxalica",
        "repo": "rust-overlay",
        "rev": "b12ed88d8d33d4f3cbc842bf29fad93bb1437299",
        "type": "github"
      },
      "original": {
        "owner": "oxalica",
        "repo": "rust-overlay",
        "type": "github"
      }
    },
    "systems": {
      "locked": {
        "lastModified": 1681028828,
        "narHash": "sha256-Vy1rq5AaRuLzOxct8nz4T6wlgyUR7zLU309k9mBC768=",
        "owner": "nix-systems",
        "repo": "default",
        "rev": "da67096a3b9bf56a91d16901293e51ba5b49a27e",
        "type": "github"
      },
      "original": {
        "owner": "nix-systems",
        "repo": "default",
        "type": "github"
      }
    },
    "vericert": {
      "inputs": {
        "flake-parts": [
          "george-flakes",
          "flake-parts"
        ],
        "nixpkgs": "nixpkgs"
      },
      "locked": {
        "path": "vericert",
        "type": "path"
      },
      "original": {
        "path": "vericert",
        "type": "path"
      },
      "parent": [
        "george-flakes"
      ]
    }
  },
  "root": "root",
  "version": 7
}
